// !$*UTF8*$!
{
	archiveVersion = 1;
	classes = {
	};
	objectVersion = 77;
	objects = {

/* Begin PBXBuildFile section */
		44E3B82D1742D54552C8802A /* NewProjectAssets in Resources */ = {isa = PBXBuildFile; fileRef = 8FD755147E90DA2E1CBA72E3 /* NewProjectAssets */; };
		CA46020320030001000000C3 /* Yams in Frameworks */ = {isa = PBXBuildFile; productRef = CA46020220030001000000C3 /* Yams */; };
		CA46020520030001000000C3 /* CodeEditorView in Frameworks */ = {isa = PBXBuildFile; productRef = CA46020720030001000000C3 /* CodeEditorView */; };
		CA46030320030001000000C3 /* Sparkle in Frameworks */ = {isa = PBXBuildFile; productRef = CA46030220030001000000C3 /* Sparkle */; };
		CA471B922FB78C1300CE705E /* SwiftTerm in Frameworks */ = {isa = PBXBuildFile; productRef = CA46020C20030001000000C3 /* SwiftTerm */; };
/* End PBXBuildFile section */

/* Begin PBXContainerItemProxy section */
		CA46014D2FB2F26900CAD6C3 /* PBXContainerItemProxy */ = {
			isa = PBXContainerItemProxy;
			containerPortal = CA4601352FB2F26800CAD6C3 /* Project object */;
			proxyType = 1;
			remoteGlobalIDString = CA46013C2FB2F26800CAD6C3;
			remoteInfo = Plumage;
		};
		CA4601572FB2F26900CAD6C3 /* PBXContainerItemProxy */ = {
			isa = PBXContainerItemProxy;
			containerPortal = CA4601352FB2F26800CAD6C3 /* Project object */;
			proxyType = 1;
			remoteGlobalIDString = CA46013C2FB2F26800CAD6C3;
			remoteInfo = Plumage;
		};
/* End PBXContainerItemProxy section */

/* Begin PBXFileReference section */
		8FD755147E90DA2E1CBA72E3 /* NewProjectAssets */ = {isa = PBXFileReference; lastKnownFileType = folder; path = NewProjectAssets; sourceTree = "<group>"; };
		CA46013D2FB2F26800CAD6C3 /* Plumage.app */ = {isa = PBXFileReference; explicitFileType = wrapper.application; includeInIndex = 0; path = Plumage.app; sourceTree = BUILT_PRODUCTS_DIR; };
		CA46014C2FB2F26900CAD6C3 /* PlumageTests.xctest */ = {isa = PBXFileReference; explicitFileType = wrapper.cfbundle; includeInIndex = 0; path = PlumageTests.xctest; sourceTree = BUILT_PRODUCTS_DIR; };
		CA4601562FB2F26900CAD6C3 /* PlumageUITests.xctest */ = {isa = PBXFileReference; explicitFileType = wrapper.cfbundle; includeInIndex = 0; path = PlumageUITests.xctest; sourceTree = BUILT_PRODUCTS_DIR; };
/* End PBXFileReference section */

/* Begin PBXFileSystemSynchronizedRootGroup section */
		A7843CAE865FBF88DA94DFF0 /* Plumage */ = {
			isa = PBXFileSystemSynchronizedRootGroup;
			path = Plumage;
			sourceTree = "<group>";
		};
		CA46014F2FB2F26900CAD6C3 /* PlumageTests */ = {
			isa = PBXFileSystemSynchronizedRootGroup;
			path = PlumageTests;
			sourceTree = "<group>";
		};
		CA4601592FB2F26900CAD6C3 /* PlumageUITests */ = {
			isa = PBXFileSystemSynchronizedRootGroup;
			path = PlumageUITests;
			sourceTree = "<group>";
		};
/* End PBXFileSystemSynchronizedRootGroup section */

/* Begin PBXFrameworksBuildPhase section */
		CA46013A2FB2F26800CAD6C3 /* Frameworks */ = {
			isa = PBXFrameworksBuildPhase;
			buildActionMask = 2147483647;
			files = (
				CA471B922FB78C1300CE705E /* SwiftTerm in Frameworks */,
				CA46020320030001000000C3 /* Yams in Frameworks */,
				CA46020520030001000000C3 /* CodeEditorView in Frameworks */,
				CA46030320030001000000C3 /* Sparkle in Frameworks */,
			);
			runOnlyForDeploymentPostprocessing = 0;
		};
		CA4601492FB2F26900CAD6C3 /* Frameworks */ = {
			isa = PBXFrameworksBuildPhase;
			buildActionMask = 2147483647;
			files = (
			);
			runOnlyForDeploymentPostprocessing = 0;
		};
		CA4601532FB2F26900CAD6C3 /* Frameworks */ = {
			isa = PBXFrameworksBuildPhase;
			buildActionMask = 2147483647;
			files = (
			);
			runOnlyForDeploymentPostprocessing = 0;
		};
/* End PBXFrameworksBuildPhase section */

/* Begin PBXGroup section */
		CA4601342FB2F26800CAD6C3 = {
			isa = PBXGroup;
			children = (
				A7843CAE865FBF88DA94DFF0 /* Plumage */,
				CA46014F2FB2F26900CAD6C3 /* PlumageTests */,
				CA4601592FB2F26900CAD6C3 /* PlumageUITests */,
				8FD755147E90DA2E1CBA72E3 /* NewProjectAssets */,
				CA46013E2FB2F26800CAD6C3 /* Products */,
			);
			sourceTree = "<group>";
		};
		CA46013E2FB2F26800CAD6C3 /* Products */ = {
			isa = PBXGroup;
			children = (
				CA46013D2FB2F26800CAD6C3 /* Plumage.app */,
				CA46014C2FB2F26900CAD6C3 /* PlumageTests.xctest */,
				CA4601562FB2F26900CAD6C3 /* PlumageUITests.xctest */,
			);
			name = Products;
			sourceTree = "<group>";
		};
/* End PBXGroup section */

/* Begin PBXNativeTarget section */
		CA46013C2FB2F26800CAD6C3 /* Plumage */ = {
			isa = PBXNativeTarget;
			buildConfigurationList = CA4601602FB2F26900CAD6C3 /* Build configuration list for PBXNativeTarget "Plumage" */;
			buildPhases = (
				CA4601392FB2F26800CAD6C3 /* Sources */,
				CA46013A2FB2F26800CAD6C3 /* Frameworks */,
				CA46013B2FB2F26800CAD6C3 /* Resources */,
			);
			buildRules = (
			);
			dependencies = (
			);
			fileSystemSynchronizedGroups = (
				A7843CAE865FBF88DA94DFF0 /* Plumage */,
			);
			name = Plumage;
			packageProductDependencies = (
				CA46020220030001000000C3 /* Yams */,
				CA46020720030001000000C3 /* CodeEditorView */,
				CA46020C20030001000000C3 /* SwiftTerm */,
				CA46030220030001000000C3 /* Sparkle */,
			);
			productName = Plumage;
			productReference = CA46013D2FB2F26800CAD6C3 /* Plumage.app */;
			productType = "com.apple.product-type.application";
		};
		CA46014B2FB2F26900CAD6C3 /* PlumageTests */ = {
			isa = PBXNativeTarget;
			buildConfigurationList = CA4601632FB2F26900CAD6C3 /* Build configuration list for PBXNativeTarget "PlumageTests" */;
			buildPhases = (
				CA4601482FB2F26900CAD6C3 /* Sources */,
				CA4601492FB2F26900CAD6C3 /* Frameworks */,
				CA46014A2FB2F26900CAD6C3 /* Resources */,
			);
			buildRules = (
			);
			dependencies = (
				CA46014E2FB2F26900CAD6C3 /* PBXTargetDependency */,
			);
			fileSystemSynchronizedGroups = (
				CA46014F2FB2F26900CAD6C3 /* PlumageTests */,
			);
			name = PlumageTests;
			packageProductDependencies = (
			);
			productName = PlumageTests;
			productReference = CA46014C2FB2F26900CAD6C3 /* PlumageTests.xctest */;
			productType = "com.apple.product-type.bundle.unit-test";
		};
		CA4601552FB2F26900CAD6C3 /* PlumageUITests */ = {
			isa = PBXNativeTarget;
			buildConfigurationList = CA4601662FB2F26900CAD6C3 /* Build configuration list for PBXNativeTarget "PlumageUITests" */;
			buildPhases = (
				CA4601522FB2F26900CAD6C3 /* Sources */,
				CA4601532FB2F26900CAD6C3 /* Frameworks */,
				CA4601542FB2F26900CAD6C3 /* Resources */,
			);
			buildRules = (
			);
			dependencies = (
				CA4601582FB2F26900CAD6C3 /* PBXTargetDependency */,
			);
			fileSystemSynchronizedGroups = (
				CA4601592FB2F26900CAD6C3 /* PlumageUITests */,
			);
			name = PlumageUITests;
			packageProductDependencies = (
			);
			productName = PlumageUITests;
			productReference = CA4601562FB2F26900CAD6C3 /* PlumageUITests.xctest */;
			productType = "com.apple.product-type.bundle.ui-testing";
		};
/* End PBXNativeTarget section */

/* Begin PBXProject section */
		CA4601352FB2F26800CAD6C3 /* Project object */ = {
			isa = PBXProject;
			attributes = {
				BuildIndependentTargetsInParallel = 1;
				LastSwiftUpdateCheck = 2640;
				LastUpgradeCheck = 2650;
				TargetAttributes = {
					CA46013C2FB2F26800CAD6C3 = {
						CreatedOnToolsVersion = 26.4.1;
					};
					CA46014B2FB2F26900CAD6C3 = {
						CreatedOnToolsVersion = 26.4.1;
						TestTargetID = CA46013C2FB2F26800CAD6C3;
					};
					CA4601552FB2F26900CAD6C3 = {
						CreatedOnToolsVersion = 26.4.1;
						TestTargetID = CA46013C2FB2F26800CAD6C3;
					};
				};
			};
			buildConfigurationList = CA4601382FB2F26800CAD6C3 /* Build configuration list for PBXProject "Plumage" */;
			developmentRegion = en;
			hasScannedForEncodings = 0;
			knownRegions = (
				en,
				Base,
			);
			mainGroup = CA4601342FB2F26800CAD6C3;
			minimizedProjectReferenceProxies = 1;
			packageReferences = (
				CA46020120030001000000C3 /* XCRemoteSwiftPackageReference "Yams" */,
				CA46020620030001000000C3 /* XCRemoteSwiftPackageReference "CodeEditorView" */,
				CA46020B20030001000000C3 /* XCRemoteSwiftPackageReference "SwiftTerm" */,
				CA46030120030001000000C3 /* XCRemoteSwiftPackageReference "Sparkle" */,
			);
			preferredProjectObjectVersion = 77;
			productRefGroup = CA46013E2FB2F26800CAD6C3 /* Products */;
			projectDirPath = "";
			projectRoot = "";
			targets = (
				CA46013C2FB2F26800CAD6C3 /* Plumage */,
				CA46014B2FB2F26900CAD6C3 /* PlumageTests */,
				CA4601552FB2F26900CAD6C3 /* PlumageUITests */,
			);
		};
/* End PBXProject section */

/* Begin PBXResourcesBuildPhase section */
		CA46013B2FB2F26800CAD6C3 /* Resources */ = {
			isa = PBXResourcesBuildPhase;
			buildActionMask = 2147483647;
			files = (
				44E3B82D1742D54552C8802A /* NewProjectAssets in Resources */,
			);
			runOnlyForDeploymentPostprocessing = 0;
		};
		CA46014A2FB2F26900CAD6C3 /* Resources */ = {
			isa = PBXResourcesBuildPhase;
			buildActionMask = 2147483647;
			files = (
			);
			runOnlyForDeploymentPostprocessing = 0;
		};
		CA4601542FB2F26900CAD6C3 /* Resources */ = {
			isa = PBXResourcesBuildPhase;
			buildActionMask = 2147483647;
			files = (
			);
			runOnlyForDeploymentPostprocessing = 0;
		};
/* End PBXResourcesBuildPhase section */

/* Begin PBXSourcesBuildPhase section */
		CA4601392FB2F26800CAD6C3 /* Sources */ = {
			isa = PBXSourcesBuildPhase;
			buildActionMask = 2147483647;
			files = (
			);
			runOnlyForDeploymentPostprocessing = 0;
		};
		CA4601482FB2F26900CAD6C3 /* Sources */ = {
			isa = PBXSourcesBuildPhase;
			buildActionMask = 2147483647;
			files = (
			);
			runOnlyForDeploymentPostprocessing = 0;
		};
		CA4601522FB2F26900CAD6C3 /* Sources */ = {
			isa = PBXSourcesBuildPhase;
			buildActionMask = 2147483647;
			files = (
			);
			runOnlyForDeploymentPostprocessing = 0;
		};
/* End PBXSourcesBuildPhase section */

/* Begin PBXTargetDependency section */
		CA46014E2FB2F26900CAD6C3 /* PBXTargetDependency */ = {
			isa = PBXTargetDependency;
			target = CA46013C2FB2F26800CAD6C3 /* Plumage */;
			targetProxy = CA46014D2FB2F26900CAD6C3 /* PBXContainerItemProxy */;
		};
		CA4601582FB2F26900CAD6C3 /* PBXTargetDependency */ = {
			isa = PBXTargetDependency;
			target = CA46013C2FB2F26800CAD6C3 /* Plumage */;
			targetProxy = CA4601572FB2F26900CAD6C3 /* PBXContainerItemProxy */;
		};
/* End PBXTargetDependency section */

/* Begin XCBuildConfiguration section */
		CA46015E2FB2F26900CAD6C3 /* Debug */ = {
			isa = XCBuildConfiguration;
			buildSettings = {
				ALWAYS_SEARCH_USER_PATHS = NO;
				ASSETCATALOG_COMPILER_GENERATE_SWIFT_ASSET_SYMBOL_EXTENSIONS = YES;
				CLANG_ANALYZER_NONNULL = YES;
				CLANG_ANALYZER_NUMBER_OBJECT_CONVERSION = YES_AGGRESSIVE;
				CLANG_CXX_LANGUAGE_STANDARD = "gnu++20";
				CLANG_ENABLE_MODULES = YES;
				CLANG_ENABLE_OBJC_ARC = YES;
				CLANG_ENABLE_OBJC_WEAK = YES;
				CLANG_WARN_BLOCK_CAPTURE_AUTORELEASING = YES;
				CLANG_WARN_BOOL_CONVERSION = YES;
				CLANG_WARN_COMMA = YES;
				CLANG_WARN_CONSTANT_CONVERSION = YES;
				CLANG_WARN_DEPRECATED_OBJC_IMPLEMENTATIONS = YES;
				CLANG_WARN_DIRECT_OBJC_ISA_USAGE = YES_ERROR;
				CLANG_WARN_DOCUMENTATION_COMMENTS = YES;
				CLANG_WARN_EMPTY_BODY = YES;
				CLANG_WARN_ENUM_CONVERSION = YES;
				CLANG_WARN_INFINITE_RECURSION = YES;
				CLANG_WARN_INT_CONVERSION = YES;
				CLANG_WARN_NON_LITERAL_NULL_CONVERSION = YES;
				CLANG_WARN_OBJC_IMPLICIT_RETAIN_SELF = YES;
				CLANG_WARN_OBJC_LITERAL_CONVERSION = YES;
				CLANG_WARN_OBJC_ROOT_CLASS = YES_ERROR;
				CLANG_WARN_QUOTED_INCLUDE_IN_FRAMEWORK_HEADER = YES;
				CLANG_WARN_RANGE_LOOP_ANALYSIS = YES;
				CLANG_WARN_STRICT_PROTOTYPES = YES;
				CLANG_WARN_SUSPICIOUS_MOVE = YES;
				CLANG_WARN_UNGUARDED_AVAILABILITY = YES_AGGRESSIVE;
				CLANG_WARN_UNREACHABLE_CODE = YES;
				CLANG_WARN__DUPLICATE_METHOD_MATCH = YES;
				COPY_PHASE_STRIP = NO;
				DEAD_CODE_STRIPPING = YES;
				DEBUG_INFORMATION_FORMAT = dwarf;
				DEVELOPMENT_TEAM = F6A5PBNZF2;
				ENABLE_STRICT_OBJC_MSGSEND = YES;
				ENABLE_TESTABILITY = YES;
				ENABLE_USER_SCRIPT_SANDBOXING = YES;
				GCC_C_LANGUAGE_STANDARD = gnu17;
				GCC_DYNAMIC_NO_PIC = NO;
				GCC_NO_COMMON_BLOCKS = YES;
				GCC_OPTIMIZATION_LEVEL = 0;
				GCC_PREPROCESSOR_DEFINITIONS = (
					"DEBUG=1",
					"$(inherited)",
				);
				GCC_WARN_64_TO_32_BIT_CONVERSION = YES;
				GCC_WARN_ABOUT_RETURN_TYPE = YES_ERROR;
				GCC_WARN_UNDECLARED_SELECTOR = YES;
				GCC_WARN_UNINITIALIZED_AUTOS = YES_AGGRESSIVE;
				GCC_WARN_UNUSED_FUNCTION = YES;
				GCC_WARN_UNUSED_VARIABLE = YES;
				LOCALIZATION_PREFERS_STRING_CATALOGS = YES;
				MACOSX_DEPLOYMENT_TARGET = 26.4;
				MTL_ENABLE_DEBUG_INFO = INCLUDE_SOURCE;
				MTL_FAST_MATH = YES;
				ONLY_ACTIVE_ARCH = YES;
				SDKROOT = macosx;
				STRING_CATALOG_GENERATE_SYMBOLS = YES;
				SWIFT_ACTIVE_COMPILATION_CONDITIONS = "DEBUG $(inherited)";
				SWIFT_OPTIMIZATION_LEVEL = "-Onone";
			};
			name = Debug;
		};
		CA46015F2FB2F26900CAD6C3 /* Release */ = {
			isa = XCBuildConfiguration;
			buildSettings = {
				ALWAYS_SEARCH_USER_PATHS = NO;
				ASSETCATALOG_COMPILER_GENERATE_SWIFT_ASSET_SYMBOL_EXTENSIONS = YES;
				CLANG_ANALYZER_NONNULL = YES;
				CLANG_ANALYZER_NUMBER_OBJECT_CONVERSION = YES_AGGRESSIVE;
				CLANG_CXX_LANGUAGE_STANDARD = "gnu++20";
				CLANG_ENABLE_MODULES = YES;
				CLANG_ENABLE_OBJC_ARC = YES;
				CLANG_ENABLE_OBJC_WEAK = YES;
				CLANG_WARN_BLOCK_CAPTURE_AUTORELEASING = YES;
				CLANG_WARN_BOOL_CONVERSION = YES;
				CLANG_WARN_COMMA = YES;
				CLANG_WARN_CONSTANT_CONVERSION = YES;
				CLANG_WARN_DEPRECATED_OBJC_IMPLEMENTATIONS = YES;
				CLANG_WARN_DIRECT_OBJC_ISA_USAGE = YES_ERROR;
				CLANG_WARN_DOCUMENTATION_COMMENTS = YES;
				CLANG_WARN_EMPTY_BODY = YES;
				CLANG_WARN_ENUM_CONVERSION = YES;
				CLANG_WARN_INFINITE_RECURSION = YES;
				CLANG_WARN_INT_CONVERSION = YES;
				CLANG_WARN_NON_LITERAL_NULL_CONVERSION = YES;
				CLANG_WARN_OBJC_IMPLICIT_RETAIN_SELF = YES;
				CLANG_WARN_OBJC_LITERAL_CONVERSION = YES;
				CLANG_WARN_OBJC_ROOT_CLASS = YES_ERROR;
				CLANG_WARN_QUOTED_INCLUDE_IN_FRAMEWORK_HEADER = YES;
				CLANG_WARN_RANGE_LOOP_ANALYSIS = YES;
				CLANG_WARN_STRICT_PROTOTYPES = YES;
				CLANG_WARN_SUSPICIOUS_MOVE = YES;
				CLANG_WARN_UNGUARDED_AVAILABILITY = YES_AGGRESSIVE;
				CLANG_WARN_UNREACHABLE_CODE = YES;
				CLANG_WARN__DUPLICATE_METHOD_MATCH = YES;
				COPY_PHASE_STRIP = NO;
				DEAD_CODE_STRIPPING = YES;
				DEBUG_INFORMATION_FORMAT = "dwarf-with-dsym";
				DEVELOPMENT_TEAM = F6A5PBNZF2;
				ENABLE_NS_ASSERTIONS = NO;
				ENABLE_STRICT_OBJC_MSGSEND = YES;
				ENABLE_USER_SCRIPT_SANDBOXING = YES;
				GCC_C_LANGUAGE_STANDARD = gnu17;
				GCC_NO_COMMON_BLOCKS = YES;
				GCC_WARN_64_TO_32_BIT_CONVERSION = YES;
				GCC_WARN_ABOUT_RETURN_TYPE = YES_ERROR;
				GCC_WARN_UNDECLARED_SELECTOR = YES;
				GCC_WARN_UNINITIALIZED_AUTOS = YES_AGGRESSIVE;
				GCC_WARN_UNUSED_FUNCTION = YES;
				GCC_WARN_UNUSED_VARIABLE = YES;
				LOCALIZATION_PREFERS_STRING_CATALOGS = YES;
				MACOSX_DEPLOYMENT_TARGET = 26.4;
				MTL_ENABLE_DEBUG_INFO = NO;
				MTL_FAST_MATH = YES;
				SDKROOT = macosx;
				STRING_CATALOG_GENERATE_SYMBOLS = YES;
				SWIFT_COMPILATION_MODE = wholemodule;
			};
			name = Release;
		};
		CA4601612FB2F26900CAD6C3 /* Debug */ = {
			isa = XCBuildConfiguration;
			buildSettings = {
				ASSETCATALOG_COMPILER_APPICON_NAME = PlumageIcon;
				ASSETCATALOG_COMPILER_GLOBAL_ACCENT_COLOR_NAME = AccentColor;
				CODE_SIGN_ENTITLEMENTS = Plumage.entitlements;
				CODE_SIGN_STYLE = Automatic;
				COMBINE_HIDPI_IMAGES = YES;
				CURRENT_PROJECT_VERSION = 4;
				DEAD_CODE_STRIPPING = YES;
				DEVELOPMENT_TEAM = F6A5PBNZF2;
				ENABLE_APP_SANDBOX = NO;
				ENABLE_HARDENED_RUNTIME = YES;
				ENABLE_PREVIEWS = YES;
				GENERATE_INFOPLIST_FILE = NO;
				INFOPLIST_FILE = Info.plist;
				INFOPLIST_KEY_LSApplicationCategoryType = "public.app-category.developer-tools";
				LD_RUNPATH_SEARCH_PATHS = (
					"$(inherited)",
					"@executable_path/../Frameworks",
				);
				MACOSX_DEPLOYMENT_TARGET = 26.0;
				MARKETING_VERSION = 0.4;
				PRODUCT_BUNDLE_IDENTIFIER = com.benjaminhuebner.Plumage;
				PRODUCT_NAME = "$(TARGET_NAME)";
				REGISTER_APP_GROUPS = YES;
				STRING_CATALOG_GENERATE_SYMBOLS = YES;
				SWIFT_APPROACHABLE_CONCURRENCY = YES;
				SWIFT_DEFAULT_ACTOR_ISOLATION = MainActor;
				SWIFT_EMIT_LOC_STRINGS = YES;
				SWIFT_STRICT_CONCURRENCY = complete;
				SWIFT_TREAT_WARNINGS_AS_ERRORS = YES;
				SWIFT_UPCOMING_FEATURE_MEMBER_IMPORT_VISIBILITY = YES;
				SWIFT_VERSION = 6.0;
			};
			name = Debug;
		};
		CA4601622FB2F26900CAD6C3 /* Release */ = {
			isa = XCBuildConfiguration;
			buildSettings = {
				ASSETCATALOG_COMPILER_APPICON_NAME = PlumageIcon;
				ASSETCATALOG_COMPILER_GLOBAL_ACCENT_COLOR_NAME = AccentColor;
				CODE_SIGN_ENTITLEMENTS = Plumage.entitlements;
				CODE_SIGN_STYLE = Automatic;
				COMBINE_HIDPI_IMAGES = YES;
				CURRENT_PROJECT_VERSION = 4;
				DEAD_CODE_STRIPPING = YES;
				DEVELOPMENT_TEAM = F6A5PBNZF2;
				ENABLE_APP_SANDBOX = NO;
				ENABLE_HARDENED_RUNTIME = YES;
				ENABLE_PREVIEWS = YES;
				GENERATE_INFOPLIST_FILE = NO;
				INFOPLIST_FILE = Info.plist;
				INFOPLIST_KEY_LSApplicationCategoryType = "public.app-category.developer-tools";
				LD_RUNPATH_SEARCH_PATHS = (
					"$(inherited)",
					"@executable_path/../Frameworks",
				);
				MACOSX_DEPLOYMENT_TARGET = 26.0;
				MARKETING_VERSION = 0.4;
				PRODUCT_BUNDLE_IDENTIFIER = com.benjaminhuebner.Plumage;
				PRODUCT_NAME = "$(TARGET_NAME)";
				REGISTER_APP_GROUPS = YES;
				STRING_CATALOG_GENERATE_SYMBOLS = YES;
				SWIFT_APPROACHABLE_CONCURRENCY = YES;
				SWIFT_DEFAULT_ACTOR_ISOLATION = MainActor;
				SWIFT_EMIT_LOC_STRINGS = YES;
				SWIFT_STRICT_CONCURRENCY = complete;
				SWIFT_TREAT_WARNINGS_AS_ERRORS = YES;
				SWIFT_UPCOMING_FEATURE_MEMBER_IMPORT_VISIBILITY = YES;
				SWIFT_VERSION = 6.0;
			};
			name = Release;
		};
		CA4601642FB2F26900CAD6C3 /* Debug */ = {
			isa = XCBuildConfiguration;
			buildSettings = {
				BUNDLE_LOADER = "$(TEST_HOST)";
				CODE_SIGN_STYLE = Automatic;
				CURRENT_PROJECT_VERSION = 4;
				DEAD_CODE_STRIPPING = YES;
				DEVELOPMENT_TEAM = F6A5PBNZF2;
				GENERATE_INFOPLIST_FILE = YES;
				MACOSX_DEPLOYMENT_TARGET = 26.4;
				MARKETING_VERSION = 0.3.1;
				PRODUCT_BUNDLE_IDENTIFIER = com.benjaminhuebner.PlumageTests;
				PRODUCT_NAME = "$(TARGET_NAME)";
				STRING_CATALOG_GENERATE_SYMBOLS = NO;
				SWIFT_APPROACHABLE_CONCURRENCY = YES;
				SWIFT_EMIT_LOC_STRINGS = NO;
				SWIFT_STRICT_CONCURRENCY = complete;
				SWIFT_TREAT_WARNINGS_AS_ERRORS = YES;
				SWIFT_UPCOMING_FEATURE_MEMBER_IMPORT_VISIBILITY = YES;
				SWIFT_VERSION = 6.0;
				TEST_HOST = "$(BUILT_PRODUCTS_DIR)/Plumage.app/$(BUNDLE_EXECUTABLE_FOLDER_PATH)/Plumage";
			};
			name = Debug;
		};
		CA4601652FB2F26900CAD6C3 /* Release */ = {
			isa = XCBuildConfiguration;
			buildSettings = {
				BUNDLE_LOADER = "$(TEST_HOST)";
				CODE_SIGN_STYLE = Automatic;
				CURRENT_PROJECT_VERSION = 4;
				DEAD_CODE_STRIPPING = YES;
				DEVELOPMENT_TEAM = F6A5PBNZF2;
				GENERATE_INFOPLIST_FILE = YES;
				MACOSX_DEPLOYMENT_TARGET = 26.4;
				MARKETING_VERSION = 0.3.1;
				PRODUCT_BUNDLE_IDENTIFIER = com.benjaminhuebner.PlumageTests;
				PRODUCT_NAME = "$(TARGET_NAME)";
				STRING_CATALOG_GENERATE_SYMBOLS = NO;
				SWIFT_APPROACHABLE_CONCURRENCY = YES;
				SWIFT_EMIT_LOC_STRINGS = NO;
				SWIFT_STRICT_CONCURRENCY = complete;
				SWIFT_TREAT_WARNINGS_AS_ERRORS = YES;
				SWIFT_UPCOMING_FEATURE_MEMBER_IMPORT_VISIBILITY = YES;
				SWIFT_VERSION = 6.0;
				TEST_HOST = "$(BUILT_PRODUCTS_DIR)/Plumage.app/$(BUNDLE_EXECUTABLE_FOLDER_PATH)/Plumage";
			};
			name = Release;
		};
		CA4601672FB2F26900CAD6C3 /* Debug */ = {
			isa = XCBuildConfiguration;
			buildSettings = {
				CODE_SIGN_STYLE = Automatic;
				CURRENT_PROJECT_VERSION = 4;
				DEAD_CODE_STRIPPING = YES;
				DEVELOPMENT_TEAM = F6A5PBNZF2;
				GENERATE_INFOPLIST_FILE = YES;
				MARKETING_VERSION = 0.3.1;
				PRODUCT_BUNDLE_IDENTIFIER = com.benjaminhuebner.PlumageUITests;
				PRODUCT_NAME = "$(TARGET_NAME)";
				STRING_CATALOG_GENERATE_SYMBOLS = NO;
				SWIFT_APPROACHABLE_CONCURRENCY = YES;
				SWIFT_EMIT_LOC_STRINGS = NO;
				SWIFT_STRICT_CONCURRENCY = complete;
				SWIFT_UPCOMING_FEATURE_MEMBER_IMPORT_VISIBILITY = YES;
				SWIFT_VERSION = 6.0;
				TEST_TARGET_NAME = Plumage;
			};
			name = Debug;
		};
		CA4601682FB2F26900CAD6C3 /* Release */ = {
			isa = XCBuildConfiguration;
			buildSettings = {
				CODE_SIGN_STYLE = Automatic;
				CURRENT_PROJECT_VERSION = 4;
				DEAD_CODE_STRIPPING = YES;
				DEVELOPMENT_TEAM = F6A5PBNZF2;
				GENERATE_INFOPLIST_FILE = YES;
				MARKETING_VERSION = 0.3.1;
				PRODUCT_BUNDLE_IDENTIFIER = com.benjaminhuebner.PlumageUITests;
				PRODUCT_NAME = "$(TARGET_NAME)";
				STRING_CATALOG_GENERATE_SYMBOLS = NO;
				SWIFT_APPROACHABLE_CONCURRENCY = YES;
				SWIFT_EMIT_LOC_STRINGS = NO;
				SWIFT_STRICT_CONCURRENCY = complete;
				SWIFT_UPCOMING_FEATURE_MEMBER_IMPORT_VISIBILITY = YES;
				SWIFT_VERSION = 6.0;
				TEST_TARGET_NAME = Plumage;
			};
			name = Release;
		};
/* End XCBuildConfiguration section */

/* Begin XCConfigurationList section */
		CA4601382FB2F26800CAD6C3 /* Build configuration list for PBXProject "Plumage" */ = {
			isa = XCConfigurationList;
			buildConfigurations = (
				CA46015E2FB2F26900CAD6C3 /* Debug */,
				CA46015F2FB2F26900CAD6C3 /* Release */,
			);
			defaultConfigurationIsVisible = 0;
			defaultConfigurationName = Release;
		};
		CA4601602FB2F26900CAD6C3 /* Build configuration list for PBXNativeTarget "Plumage" */ = {
			isa = XCConfigurationList;
			buildConfigurations = (
				CA4601612FB2F26900CAD6C3 /* Debug */,
				CA4601622FB2F26900CAD6C3 /* Release */,
			);
			defaultConfigurationIsVisible = 0;
			defaultConfigurationName = Release;
		};
		CA4601632FB2F26900CAD6C3 /* Build configuration list for PBXNativeTarget "PlumageTests" */ = {
			isa = XCConfigurationList;
			buildConfigurations = (
				CA4601642FB2F26900CAD6C3 /* Debug */,
				CA4601652FB2F26900CAD6C3 /* Release */,
			);
			defaultConfigurationIsVisible = 0;
			defaultConfigurationName = Release;
		};
		CA4601662FB2F26900CAD6C3 /* Build configuration list for PBXNativeTarget "PlumageUITests" */ = {
			isa = XCConfigurationList;
			buildConfigurations = (
				CA4601672FB2F26900CAD6C3 /* Debug */,
				CA4601682FB2F26900CAD6C3 /* Release */,
			);
			defaultConfigurationIsVisible = 0;
			defaultConfigurationName = Release;
		};
/* End XCConfigurationList section */

/* Begin XCRemoteSwiftPackageReference section */
		CA46020120030001000000C3 /* XCRemoteSwiftPackageReference "Yams" */ = {
			isa = XCRemoteSwiftPackageReference;
			repositoryURL = "https://github.com/jpsim/Yams";
			requirement = {
				kind = upToNextMajorVersion;
				minimumVersion = 5.4.0;
			};
		};
		CA46020620030001000000C3 /* XCRemoteSwiftPackageReference "CodeEditorView" */ = {
			isa = XCRemoteSwiftPackageReference;
			repositoryURL = "https://github.com/mchakravarty/CodeEditorView";
			requirement = {
				kind = upToNextMajorVersion;
				minimumVersion = 0.15.4;
			};
		};
		CA46020B20030001000000C3 /* XCRemoteSwiftPackageReference "SwiftTerm" */ = {
			isa = XCRemoteSwiftPackageReference;
			repositoryURL = "https://github.com/migueldeicaza/SwiftTerm";
			requirement = {
				kind = upToNextMajorVersion;
				minimumVersion = 1.13.0;
			};
		};
		CA46030120030001000000C3 /* XCRemoteSwiftPackageReference "Sparkle" */ = {
			isa = XCRemoteSwiftPackageReference;
			repositoryURL = "https://github.com/sparkle-project/Sparkle";
			requirement = {
				kind = upToNextMajorVersion;
				minimumVersion = 2.6.0;
			};
		};
/* End XCRemoteSwiftPackageReference section */

/* Begin XCSwiftPackageProductDependency section */
		CA46020220030001000000C3 /* Yams */ = {
			isa = XCSwiftPackageProductDependency;
			package = CA46020120030001000000C3 /* XCRemoteSwiftPackageReference "Yams" */;
			productName = Yams;
		};
		CA46020720030001000000C3 /* CodeEditorView */ = {
			isa = XCSwiftPackageProductDependency;
			package = CA46020620030001000000C3 /* XCRemoteSwiftPackageReference "CodeEditorView" */;
			productName = CodeEditorView;
		};
		CA46020C20030001000000C3 /* SwiftTerm */ = {
			isa = XCSwiftPackageProductDependency;
			package = CA46020B20030001000000C3 /* XCRemoteSwiftPackageReference "SwiftTerm" */;
			productName = SwiftTerm;
		};
		CA46030220030001000000C3 /* Sparkle */ = {
			isa = XCSwiftPackageProductDependency;
			package = CA46030120030001000000C3 /* XCRemoteSwiftPackageReference "Sparkle" */;
			productName = Sparkle;
		};
/* End XCSwiftPackageProductDependency section */
	};
	rootObject = CA4601352FB2F26800CAD6C3 /* Project object */;
}
